
Microsoft Visual Studio Solution File, Format Version 12.00
# Visual Studio Version 17
VisualStudioVersion = 17.9.34902.65
MinimumVisualStudioVersion = 10.0.40219.1
Project("{FAE04EC0-301F-11D3-BF4B-00C04F79EFBC}") = "INNOBRA_FE", "INNOBRA_FE\INNOBRA_FE.csproj", "{D3234ABA-8BAE-41BE-B44F-A7A0BA830A7C}"
EndProject
Project("{FAE04EC0-301F-11D3-BF4B-00C04F79EFBC}") = "INNOBRA_BE", "INNOBRA_BE\INNOBRA_BE.csproj", "{CE0FBC85-AF60-4C08-8501-1839DF50C3F8}"
EndProject
Global
	GlobalSection(SolutionConfigurationPlatforms) = preSolution
		Debug|Any CPU = Debug|Any CPU
		Release|Any CPU = Release|Any CPU
	EndGlobalSection
	GlobalSection(ProjectConfigurationPlatforms) = postSolution
		{D3234ABA-8BAE-41BE-B44F-A7A0BA830A7C}.Debug|Any CPU.ActiveCfg = Debug|Any CPU
		{D3234ABA-8BAE-41BE-B44F-A7A0BA830A7C}.Debug|Any CPU.Build.0 = Debug|Any CPU
		{D3234ABA-8BAE-41BE-B44F-A7A0BA830A7C}.Release|Any CPU.ActiveCfg = Release|Any CPU
		{D3234ABA-8BAE-41BE-B44F-A7A0BA830A7C}.Release|Any CPU.Build.0 = Release|Any CPU
		{CE0FBC85-AF60-4C08-8501-1839DF50C3F8}.Debug|Any CPU.ActiveCfg = Debug|Any CPU
		{CE0FBC85-AF60-4C08-8501-1839DF50C3F8}.Debug|Any CPU.Build.0 = Debug|Any CPU
		{CE0FBC85-AF60-4C08-8501-1839DF50C3F8}.Release|Any CPU.ActiveCfg = Release|Any CPU
		{CE0FBC85-AF60-4C08-8501-1839DF50C3F8}.Release|Any CPU.Build.0 = Release|Any CPU
	EndGlobalSection
	GlobalSection(SolutionProperties) = preSolution
		HideSolutionNode = FALSE
	EndGlobalSection
	GlobalSection(ExtensibilityGlobals) = postSolution
		SolutionGuid = {588E223E-7BD1-4530-B975-16C5E176523C}
	EndGlobalSection
EndGlobal
